// !$*UTF8*$!
{
	archiveVersion = 1;
	classes = {
	};
	objectVersion = 46;
	objects = {

/* Begin PBXBuildFile section */
		A18E3C901B2BAA490005E8AC /* MBotAPIClient.m in Sources */ = {isa = PBXBuildFile; fileRef = A18E3C8F1B2BAA490005E8AC /* MBotAPIClient.m */; };
		A18E3C931B2BABF80005E8AC /* SpeechKit.framework in Frameworks */ = {isa = PBXBuildFile; fileRef = A18E3C921B2BABF80005E8AC /* SpeechKit.framework */; };
		A18E3C961B2CC44B0005E8AC /* CAPSPageMenu.m in Sources */ = {isa = PBXBuildFile; fileRef = A18E3C951B2CC44B0005E8AC /* CAPSPageMenu.m */; };
		A18E3C991B2CC77E0005E8AC /* MbotBaseViewController.m in Sources */ = {isa = PBXBuildFile; fileRef = A18E3C981B2CC77E0005E8AC /* MbotBaseViewController.m */; };
		A18E3C9F1B2CCA8E0005E8AC /* TestViewController.m in Sources */ = {isa = PBXBuildFile; fileRef = A18E3C9D1B2CCA8E0005E8AC /* TestViewController.m */; };
		A18E3CA01B2CCA8E0005E8AC /* TestViewController.xib in Resources */ = {isa = PBXBuildFile; fileRef = A18E3C9E1B2CCA8E0005E8AC /* TestViewController.xib */; };
		A18E3CA41B2CCEB20005E8AC /* EmptyViewController.m in Sources */ = {isa = PBXBuildFile; fileRef = A18E3CA21B2CCEB20005E8AC /* EmptyViewController.m */; };
		A18E3CA51B2CCEB20005E8AC /* EmptyViewController.xib in Resources */ = {isa = PBXBuildFile; fileRef = A18E3CA31B2CCEB20005E8AC /* EmptyViewController.xib */; };
		A18E3CA71B2CD5E00005E8AC /* logo.png in Resources */ = {isa = PBXBuildFile; fileRef = A18E3CA61B2CD5E00005E8AC /* logo.png */; };
		A18E3CA91B2CD7F30005E8AC /* logo_dark.png in Resources */ = {isa = PBXBuildFile; fileRef = A18E3CA81B2CD7F30005E8AC /* logo_dark.png */; };
		A18E3CAD1B2CD98F0005E8AC /* RecipeTableViewCell.m in Sources */ = {isa = PBXBuildFile; fileRef = A18E3CAB1B2CD98F0005E8AC /* RecipeTableViewCell.m */; };
		A18E3CAE1B2CD98F0005E8AC /* RecipeTableViewCell.xib in Resources */ = {isa = PBXBuildFile; fileRef = A18E3CAC1B2CD98F0005E8AC /* RecipeTableViewCell.xib */; };
		A18E3CB21B2CFB1A0005E8AC /* MBotTableViewController.m in Sources */ = {isa = PBXBuildFile; fileRef = A18E3CB01B2CFB1A0005E8AC /* MBotTableViewController.m */; };
		A18E3CB31B2CFB1A0005E8AC /* MBotTableViewController.xib in Resources */ = {isa = PBXBuildFile; fileRef = A18E3CB11B2CFB1A0005E8AC /* MBotTableViewController.xib */; };
		A18E3CB51B2CFDA40005E8AC /* beef.jpg in Resources */ = {isa = PBXBuildFile; fileRef = A18E3CB41B2CFDA40005E8AC /* beef.jpg */; };
		A18E3CB91B2FDAFD0005E8AC /* MBotCollectionViewController.m in Sources */ = {isa = PBXBuildFile; fileRef = A18E3CB71B2FDAFD0005E8AC /* MBotCollectionViewController.m */; };
		A18E3CBA1B2FDAFD0005E8AC /* MBotCollectionViewController.xib in Resources */ = {isa = PBXBuildFile; fileRef = A18E3CB81B2FDAFD0005E8AC /* MBotCollectionViewController.xib */; };
		A18E3CBE1B2FDDF40005E8AC /* RecipeCollectionViewCell.m in Sources */ = {isa = PBXBuildFile; fileRef = A18E3CBC1B2FDDF40005E8AC /* RecipeCollectionViewCell.m */; };
		A18E3CBF1B2FDDF40005E8AC /* RecipeCollectionViewCell.xib in Resources */ = {isa = PBXBuildFile; fileRef = A18E3CBD1B2FDDF40005E8AC /* RecipeCollectionViewCell.xib */; };
		EB84ADDF1B2B948A00292BAF /* main.m in Sources */ = {isa = PBXBuildFile; fileRef = EB84ADDE1B2B948A00292BAF /* main.m */; };
		EB84ADE21B2B948A00292BAF /* AppDelegate.m in Sources */ = {isa = PBXBuildFile; fileRef = EB84ADE11B2B948A00292BAF /* AppDelegate.m */; };
		EB84ADE51B2B948A00292BAF /* mealbot.xcdatamodeld in Sources */ = {isa = PBXBuildFile; fileRef = EB84ADE31B2B948A00292BAF /* mealbot.xcdatamodeld */; };
		EB84ADEB1B2B948A00292BAF /* Main.storyboard in Resources */ = {isa = PBXBuildFile; fileRef = EB84ADE91B2B948A00292BAF /* Main.storyboard */; };
		EB84ADED1B2B948A00292BAF /* Images.xcassets in Resources */ = {isa = PBXBuildFile; fileRef = EB84ADEC1B2B948A00292BAF /* Images.xcassets */; };
		EB84ADF01B2B948A00292BAF /* LaunchScreen.xib in Resources */ = {isa = PBXBuildFile; fileRef = EB84ADEE1B2B948A00292BAF /* LaunchScreen.xib */; };
		EB84ADFC1B2B948B00292BAF /* mealbotTests.m in Sources */ = {isa = PBXBuildFile; fileRef = EB84ADFB1B2B948B00292BAF /* mealbotTests.m */; };
		EB84AE0A1B2B9D3C00292BAF /* earcon_cancel.wav in Resources */ = {isa = PBXBuildFile; fileRef = EB84AE071B2B9D3C00292BAF /* earcon_cancel.wav */; };
		EB84AE0B1B2B9D3C00292BAF /* earcon_done_listening.wav in Resources */ = {isa = PBXBuildFile; fileRef = EB84AE081B2B9D3C00292BAF /* earcon_done_listening.wav */; };
		EB84AE0C1B2B9D3C00292BAF /* earcon_listening.wav in Resources */ = {isa = PBXBuildFile; fileRef = EB84AE091B2B9D3C00292BAF /* earcon_listening.wav */; };
		EB84AE0E1B2BA20F00292BAF /* AVFoundation.framework in Frameworks */ = {isa = PBXBuildFile; fileRef = EB84AE0D1B2BA20F00292BAF /* AVFoundation.framework */; };
		EB84AE101B2BA23300292BAF /* AudioToolbox.framework in Frameworks */ = {isa = PBXBuildFile; fileRef = EB84AE0F1B2BA23300292BAF /* AudioToolbox.framework */; };
		EB84AE121B2BA2F200292BAF /* CFNetwork.framework in Frameworks */ = {isa = PBXBuildFile; fileRef = EB84AE111B2BA2F200292BAF /* CFNetwork.framework */; };
		EB84AE141B2BA30500292BAF /* SystemConfiguration.framework in Frameworks */ = {isa = PBXBuildFile; fileRef = EB84AE131B2BA30500292BAF /* SystemConfiguration.framework */; };
		EB84AE161B2BA30F00292BAF /* Security.framework in Frameworks */ = {isa = PBXBuildFile; fileRef = EB84AE151B2BA30F00292BAF /* Security.framework */; };
		EB84AE181B2BA32400292BAF /* CoreGraphics.framework in Frameworks */ = {isa = PBXBuildFile; fileRef = EB84AE171B2BA32400292BAF /* CoreGraphics.framework */; };
		FDC1354D65975B9DC1486C87 /* Pods_mealbot.framework in Frameworks */ = {isa = PBXBuildFile; fileRef = 480C9FADE3E67949E6A26211 /* Pods_mealbot.framework */; settings = {ATTRIBUTES = (Weak, ); }; };
/* End PBXBuildFile section */

/* Begin PBXContainerItemProxy section */
		EB84ADF61B2B948B00292BAF /* PBXContainerItemProxy */ = {
			isa = PBXContainerItemProxy;
			containerPortal = EB84ADD11B2B948A00292BAF /* Project object */;
			proxyType = 1;
			remoteGlobalIDString = EB84ADD81B2B948A00292BAF;
			remoteInfo = mealbot;
		};
/* End PBXContainerItemProxy section */

/* Begin PBXFileReference section */
		480C9FADE3E67949E6A26211 /* Pods_mealbot.framework */ = {isa = PBXFileReference; explicitFileType = wrapper.framework; includeInIndex = 0; path = Pods_mealbot.framework; sourceTree = BUILT_PRODUCTS_DIR; };
		83B6E25061D6961142450548 /* Pods-mealbot.debug.xcconfig */ = {isa = PBXFileReference; includeInIndex = 1; lastKnownFileType = text.xcconfig; name = "Pods-mealbot.debug.xcconfig"; path = "Pods/Target Support Files/Pods-mealbot/Pods-mealbot.debug.xcconfig"; sourceTree = "<group>"; };
		926F74E78BD20838D2057508 /* Pods-mealbot.release.xcconfig */ = {isa = PBXFileReference; includeInIndex = 1; lastKnownFileType = text.xcconfig; name = "Pods-mealbot.release.xcconfig"; path = "Pods/Target Support Files/Pods-mealbot/Pods-mealbot.release.xcconfig"; sourceTree = "<group>"; };
		A18E3C8E1B2BAA490005E8AC /* MBotAPIClient.h */ = {isa = PBXFileReference; fileEncoding = 4; lastKnownFileType = sourcecode.c.h; path = MBotAPIClient.h; sourceTree = "<group>"; };
		A18E3C8F1B2BAA490005E8AC /* MBotAPIClient.m */ = {isa = PBXFileReference; fileEncoding = 4; lastKnownFileType = sourcecode.c.objc; path = MBotAPIClient.m; sourceTree = "<group>"; };
		A18E3C921B2BABF80005E8AC /* SpeechKit.framework */ = {isa = PBXFileReference; lastKnownFileType = wrapper.framework; path = SpeechKit.framework; sourceTree = "<group>"; };
		A18E3C941B2CC44B0005E8AC /* CAPSPageMenu.h */ = {isa = PBXFileReference; fileEncoding = 4; lastKnownFileType = sourcecode.c.h; path = CAPSPageMenu.h; sourceTree = "<group>"; };
		A18E3C951B2CC44B0005E8AC /* CAPSPageMenu.m */ = {isa = PBXFileReference; fileEncoding = 4; lastKnownFileType = sourcecode.c.objc; path = CAPSPageMenu.m; sourceTree = "<group>"; };
		A18E3C971B2CC77E0005E8AC /* MbotBaseViewController.h */ = {isa = PBXFileReference; fileEncoding = 4; lastKnownFileType = sourcecode.c.h; path = MbotBaseViewController.h; sourceTree = "<group>"; };
		A18E3C981B2CC77E0005E8AC /* MbotBaseViewController.m */ = {isa = PBXFileReference; fileEncoding = 4; lastKnownFileType = sourcecode.c.objc; path = MbotBaseViewController.m; sourceTree = "<group>"; };
		A18E3C9C1B2CCA8E0005E8AC /* TestViewController.h */ = {isa = PBXFileReference; fileEncoding = 4; lastKnownFileType = sourcecode.c.h; path = TestViewController.h; sourceTree = "<group>"; };
		A18E3C9D1B2CCA8E0005E8AC /* TestViewController.m */ = {isa = PBXFileReference; fileEncoding = 4; lastKnownFileType = sourcecode.c.objc; path = TestViewController.m; sourceTree = "<group>"; };
		A18E3C9E1B2CCA8E0005E8AC /* TestViewController.xib */ = {isa = PBXFileReference; fileEncoding = 4; lastKnownFileType = file.xib; path = TestViewController.xib; sourceTree = "<group>"; };
		A18E3CA11B2CCEB20005E8AC /* EmptyViewController.h */ = {isa = PBXFileReference; fileEncoding = 4; lastKnownFileType = sourcecode.c.h; path = EmptyViewController.h; sourceTree = "<group>"; };
		A18E3CA21B2CCEB20005E8AC /* EmptyViewController.m */ = {isa = PBXFileReference; fileEncoding = 4; lastKnownFileType = sourcecode.c.objc; path = EmptyViewController.m; sourceTree = "<group>"; };
		A18E3CA31B2CCEB20005E8AC /* EmptyViewController.xib */ = {isa = PBXFileReference; fileEncoding = 4; lastKnownFileType = file.xib; path = EmptyViewController.xib; sourceTree = "<group>"; };
		A18E3CA61B2CD5E00005E8AC /* logo.png */ = {isa = PBXFileReference; lastKnownFileType = image.png; path = logo.png; sourceTree = "<group>"; };
		A18E3CA81B2CD7F30005E8AC /* logo_dark.png */ = {isa = PBXFileReference; lastKnownFileType = image.png; path = logo_dark.png; sourceTree = "<group>"; };
		A18E3CAA1B2CD98F0005E8AC /* RecipeTableViewCell.h */ = {isa = PBXFileReference; fileEncoding = 4; lastKnownFileType = sourcecode.c.h; path = RecipeTableViewCell.h; sourceTree = "<group>"; };
		A18E3CAB1B2CD98F0005E8AC /* RecipeTableViewCell.m */ = {isa = PBXFileReference; fileEncoding = 4; lastKnownFileType = sourcecode.c.objc; path = RecipeTableViewCell.m; sourceTree = "<group>"; };
		A18E3CAC1B2CD98F0005E8AC /* RecipeTableViewCell.xib */ = {isa = PBXFileReference; fileEncoding = 4; lastKnownFileType = file.xib; path = RecipeTableViewCell.xib; sourceTree = "<group>"; };
		A18E3CAF1B2CFB1A0005E8AC /* MBotTableViewController.h */ = {isa = PBXFileReference; fileEncoding = 4; lastKnownFileType = sourcecode.c.h; path = MBotTableViewController.h; sourceTree = "<group>"; };
		A18E3CB01B2CFB1A0005E8AC /* MBotTableViewController.m */ = {isa = PBXFileReference; fileEncoding = 4; lastKnownFileType = sourcecode.c.objc; path = MBotTableViewController.m; sourceTree = "<group>"; };
		A18E3CB11B2CFB1A0005E8AC /* MBotTableViewController.xib */ = {isa = PBXFileReference; fileEncoding = 4; lastKnownFileType = file.xib; path = MBotTableViewController.xib; sourceTree = "<group>"; };
		A18E3CB41B2CFDA40005E8AC /* beef.jpg */ = {isa = PBXFileReference; lastKnownFileType = image.jpeg; path = beef.jpg; sourceTree = "<group>"; };
		A18E3CB61B2FDAFD0005E8AC /* MBotCollectionViewController.h */ = {isa = PBXFileReference; fileEncoding = 4; lastKnownFileType = sourcecode.c.h; path = MBotCollectionViewController.h; sourceTree = "<group>"; };
		A18E3CB71B2FDAFD0005E8AC /* MBotCollectionViewController.m */ = {isa = PBXFileReference; fileEncoding = 4; lastKnownFileType = sourcecode.c.objc; path = MBotCollectionViewController.m; sourceTree = "<group>"; };
		A18E3CB81B2FDAFD0005E8AC /* MBotCollectionViewController.xib */ = {isa = PBXFileReference; fileEncoding = 4; lastKnownFileType = file.xib; path = MBotCollectionViewController.xib; sourceTree = "<group>"; };
		A18E3CBB1B2FDDF40005E8AC /* RecipeCollectionViewCell.h */ = {isa = PBXFileReference; fileEncoding = 4; lastKnownFileType = sourcecode.c.h; path = RecipeCollectionViewCell.h; sourceTree = "<group>"; };
		A18E3CBC1B2FDDF40005E8AC /* RecipeCollectionViewCell.m */ = {isa = PBXFileReference; fileEncoding = 4; lastKnownFileType = sourcecode.c.objc; path = RecipeCollectionViewCell.m; sourceTree = "<group>"; };
		A18E3CBD1B2FDDF40005E8AC /* RecipeCollectionViewCell.xib */ = {isa = PBXFileReference; fileEncoding = 4; lastKnownFileType = file.xib; path = RecipeCollectionViewCell.xib; sourceTree = "<group>"; };
		EB84ADD91B2B948A00292BAF /* mealbot.app */ = {isa = PBXFileReference; explicitFileType = wrapper.application; includeInIndex = 0; path = mealbot.app; sourceTree = BUILT_PRODUCTS_DIR; };
		EB84ADDD1B2B948A00292BAF /* Info.plist */ = {isa = PBXFileReference; lastKnownFileType = text.plist.xml; path = Info.plist; sourceTree = "<group>"; };
		EB84ADDE1B2B948A00292BAF /* main.m */ = {isa = PBXFileReference; lastKnownFileType = sourcecode.c.objc; path = main.m; sourceTree = "<group>"; };
		EB84ADE01B2B948A00292BAF /* AppDelegate.h */ = {isa = PBXFileReference; lastKnownFileType = sourcecode.c.h; path = AppDelegate.h; sourceTree = "<group>"; };
		EB84ADE11B2B948A00292BAF /* AppDelegate.m */ = {isa = PBXFileReference; lastKnownFileType = sourcecode.c.objc; path = AppDelegate.m; sourceTree = "<group>"; };
		EB84ADE41B2B948A00292BAF /* mealbot.xcdatamodel */ = {isa = PBXFileReference; lastKnownFileType = wrapper.xcdatamodel; path = mealbot.xcdatamodel; sourceTree = "<group>"; };
		EB84ADEA1B2B948A00292BAF /* Base */ = {isa = PBXFileReference; lastKnownFileType = file.storyboard; name = Base; path = Base.lproj/Main.storyboard; sourceTree = "<group>"; };
		EB84ADEC1B2B948A00292BAF /* Images.xcassets */ = {isa = PBXFileReference; lastKnownFileType = folder.assetcatalog; path = Images.xcassets; sourceTree = "<group>"; };
		EB84ADEF1B2B948A00292BAF /* Base */ = {isa = PBXFileReference; lastKnownFileType = file.xib; name = Base; path = Base.lproj/LaunchScreen.xib; sourceTree = "<group>"; };
		EB84ADF51B2B948B00292BAF /* mealbotTests.xctest */ = {isa = PBXFileReference; explicitFileType = wrapper.cfbundle; includeInIndex = 0; path = mealbotTests.xctest; sourceTree = BUILT_PRODUCTS_DIR; };
		EB84ADFA1B2B948B00292BAF /* Info.plist */ = {isa = PBXFileReference; lastKnownFileType = text.plist.xml; path = Info.plist; sourceTree = "<group>"; };
		EB84ADFB1B2B948B00292BAF /* mealbotTests.m */ = {isa = PBXFileReference; lastKnownFileType = sourcecode.c.objc; path = mealbotTests.m; sourceTree = "<group>"; };
		EB84AE071B2B9D3C00292BAF /* earcon_cancel.wav */ = {isa = PBXFileReference; lastKnownFileType = audio.wav; path = earcon_cancel.wav; sourceTree = "<group>"; };
		EB84AE081B2B9D3C00292BAF /* earcon_done_listening.wav */ = {isa = PBXFileReference; lastKnownFileType = audio.wav; path = earcon_done_listening.wav; sourceTree = "<group>"; };
		EB84AE091B2B9D3C00292BAF /* earcon_listening.wav */ = {isa = PBXFileReference; lastKnownFileType = audio.wav; path = earcon_listening.wav; sourceTree = "<group>"; };
		EB84AE0D1B2BA20F00292BAF /* AVFoundation.framework */ = {isa = PBXFileReference; lastKnownFileType = wrapper.framework; name = AVFoundation.framework; path = System/Library/Frameworks/AVFoundation.framework; sourceTree = SDKROOT; };
		EB84AE0F1B2BA23300292BAF /* AudioToolbox.framework */ = {isa = PBXFileReference; lastKnownFileType = wrapper.framework; name = AudioToolbox.framework; path = System/Library/Frameworks/AudioToolbox.framework; sourceTree = SDKROOT; };
		EB84AE111B2BA2F200292BAF /* CFNetwork.framework */ = {isa = PBXFileReference; lastKnownFileType = wrapper.framework; name = CFNetwork.framework; path = System/Library/Frameworks/CFNetwork.framework; sourceTree = SDKROOT; };
		EB84AE131B2BA30500292BAF /* SystemConfiguration.framework */ = {isa = PBXFileReference; lastKnownFileType = wrapper.framework; name = SystemConfiguration.framework; path = System/Library/Frameworks/SystemConfiguration.framework; sourceTree = SDKROOT; };
		EB84AE151B2BA30F00292BAF /* Security.framework */ = {isa = PBXFileReference; lastKnownFileType = wrapper.framework; name = Security.framework; path = System/Library/Frameworks/Security.framework; sourceTree = SDKROOT; };
		EB84AE171B2BA32400292BAF /* CoreGraphics.framework */ = {isa = PBXFileReference; lastKnownFileType = wrapper.framework; name = CoreGraphics.framework; path = System/Library/Frameworks/CoreGraphics.framework; sourceTree = SDKROOT; };
/* End PBXFileReference section */

/* Begin PBXFrameworksBuildPhase section */
		EB84ADD61B2B948A00292BAF /* Frameworks */ = {
			isa = PBXFrameworksBuildPhase;
			buildActionMask = 2147483647;
			files = (
				EB84AE181B2BA32400292BAF /* CoreGraphics.framework in Frameworks */,
				EB84AE161B2BA30F00292BAF /* Security.framework in Frameworks */,
				EB84AE141B2BA30500292BAF /* SystemConfiguration.framework in Frameworks */,
				EB84AE121B2BA2F200292BAF /* CFNetwork.framework in Frameworks */,
				EB84AE101B2BA23300292BAF /* AudioToolbox.framework in Frameworks */,
				EB84AE0E1B2BA20F00292BAF /* AVFoundation.framework in Frameworks */,
				FDC1354D65975B9DC1486C87 /* Pods_mealbot.framework in Frameworks */,
				A18E3C931B2BABF80005E8AC /* SpeechKit.framework in Frameworks */,
			);
			runOnlyForDeploymentPostprocessing = 0;
		};
		EB84ADF21B2B948B00292BAF /* Frameworks */ = {
			isa = PBXFrameworksBuildPhase;
			buildActionMask = 2147483647;
			files = (
			);
			runOnlyForDeploymentPostprocessing = 0;
		};
/* End PBXFrameworksBuildPhase section */

/* Begin PBXGroup section */
		2A7AF66BBC74C0895D4CBA23 /* Frameworks */ = {
			isa = PBXGroup;
			children = (
				A18E3C921B2BABF80005E8AC /* SpeechKit.framework */,
				EB84AE171B2BA32400292BAF /* CoreGraphics.framework */,
				EB84AE151B2BA30F00292BAF /* Security.framework */,
				EB84AE131B2BA30500292BAF /* SystemConfiguration.framework */,
				EB84AE111B2BA2F200292BAF /* CFNetwork.framework */,
				EB84AE0F1B2BA23300292BAF /* AudioToolbox.framework */,
				EB84AE0D1B2BA20F00292BAF /* AVFoundation.framework */,
				480C9FADE3E67949E6A26211 /* Pods_mealbot.framework */,
			);
			name = Frameworks;
			sourceTree = "<group>";
		};
		9246272124C2367D2CEF7089 /* Pods */ = {
			isa = PBXGroup;
			children = (
				83B6E25061D6961142450548 /* Pods-mealbot.debug.xcconfig */,
				926F74E78BD20838D2057508 /* Pods-mealbot.release.xcconfig */,
			);
			name = Pods;
			sourceTree = "<group>";
		};
		A18E3C911B2BAA4D0005E8AC /* Network */ = {
			isa = PBXGroup;
			children = (
				A18E3C8E1B2BAA490005E8AC /* MBotAPIClient.h */,
				A18E3C8F1B2BAA490005E8AC /* MBotAPIClient.m */,
			);
			name = Network;
			sourceTree = "<group>";
		};
		A18E3C9A1B2CC9190005E8AC /* ViewControllers */ = {
			isa = PBXGroup;
			children = (
				A18E3C9C1B2CCA8E0005E8AC /* TestViewController.h */,
				A18E3C9D1B2CCA8E0005E8AC /* TestViewController.m */,
				A18E3C9E1B2CCA8E0005E8AC /* TestViewController.xib */,
				A18E3CAF1B2CFB1A0005E8AC /* MBotTableViewController.h */,
				A18E3CB01B2CFB1A0005E8AC /* MBotTableViewController.m */,
				A18E3CB11B2CFB1A0005E8AC /* MBotTableViewController.xib */,
				A18E3CB61B2FDAFD0005E8AC /* MBotCollectionViewController.h */,
				A18E3CB71B2FDAFD0005E8AC /* MBotCollectionViewController.m */,
				A18E3CB81B2FDAFD0005E8AC /* MBotCollectionViewController.xib */,
				A18E3CA11B2CCEB20005E8AC /* EmptyViewController.h */,
				A18E3CA21B2CCEB20005E8AC /* EmptyViewController.m */,
				A18E3CA31B2CCEB20005E8AC /* EmptyViewController.xib */,
			);
			name = ViewControllers;
			sourceTree = "<group>";
		};
		A18E3C9B1B2CC94B0005E8AC /* Cells */ = {
			isa = PBXGroup;
			children = (
				A18E3CC01B2FE4150005E8AC /* Table */,
				A18E3CC11B2FE41B0005E8AC /* Collection */,
			);
			name = Cells;
			sourceTree = "<group>";
		};
		A18E3CC01B2FE4150005E8AC /* Table */ = {
			isa = PBXGroup;
			children = (
				A18E3CAA1B2CD98F0005E8AC /* RecipeTableViewCell.h */,
				A18E3CAB1B2CD98F0005E8AC /* RecipeTableViewCell.m */,
				A18E3CAC1B2CD98F0005E8AC /* RecipeTableViewCell.xib */,
			);
			name = Table;
			sourceTree = "<group>";
		};
		A18E3CC11B2FE41B0005E8AC /* Collection */ = {
			isa = PBXGroup;
			children = (
				A18E3CBB1B2FDDF40005E8AC /* RecipeCollectionViewCell.h */,
				A18E3CBC1B2FDDF40005E8AC /* RecipeCollectionViewCell.m */,
				A18E3CBD1B2FDDF40005E8AC /* RecipeCollectionViewCell.xib */,
			);
			name = Collection;
			sourceTree = "<group>";
		};
		EB84ADD01B2B948A00292BAF = {
			isa = PBXGroup;
			children = (
				EB84ADDB1B2B948A00292BAF /* mealbot */,
				EB84ADF81B2B948B00292BAF /* mealbotTests */,
				EB84ADDA1B2B948A00292BAF /* Products */,
				9246272124C2367D2CEF7089 /* Pods */,
				2A7AF66BBC74C0895D4CBA23 /* Frameworks */,
			);
			sourceTree = "<group>";
		};
		EB84ADDA1B2B948A00292BAF /* Products */ = {
			isa = PBXGroup;
			children = (
				EB84ADD91B2B948A00292BAF /* mealbot.app */,
				EB84ADF51B2B948B00292BAF /* mealbotTests.xctest */,
			);
			name = Products;
			sourceTree = "<group>";
		};
		EB84ADDB1B2B948A00292BAF /* mealbot */ = {
			isa = PBXGroup;
			children = (
				A18E3C911B2BAA4D0005E8AC /* Network */,
				A18E3C9A1B2CC9190005E8AC /* ViewControllers */,
				A18E3C9B1B2CC94B0005E8AC /* Cells */,
				EB84ADE01B2B948A00292BAF /* AppDelegate.h */,
				EB84ADE11B2B948A00292BAF /* AppDelegate.m */,
				A18E3C971B2CC77E0005E8AC /* MbotBaseViewController.h */,
				A18E3C981B2CC77E0005E8AC /* MbotBaseViewController.m */,
				EB84ADE91B2B948A00292BAF /* Main.storyboard */,
				EB84ADEC1B2B948A00292BAF /* Images.xcassets */,
				EB84ADEE1B2B948A00292BAF /* LaunchScreen.xib */,
				EB84ADE31B2B948A00292BAF /* mealbot.xcdatamodeld */,
				EB84ADDC1B2B948A00292BAF /* Supporting Files */,
			);
			path = mealbot;
			sourceTree = "<group>";
		};
		EB84ADDC1B2B948A00292BAF /* Supporting Files */ = {
			isa = PBXGroup;
			children = (
				A18E3CB41B2CFDA40005E8AC /* beef.jpg */,
				A18E3CA81B2CD7F30005E8AC /* logo_dark.png */,
				A18E3CA61B2CD5E00005E8AC /* logo.png */,
				A18E3C941B2CC44B0005E8AC /* CAPSPageMenu.h */,
				A18E3C951B2CC44B0005E8AC /* CAPSPageMenu.m */,
				EB84AE071B2B9D3C00292BAF /* earcon_cancel.wav */,
				EB84AE081B2B9D3C00292BAF /* earcon_done_listening.wav */,
				EB84AE091B2B9D3C00292BAF /* earcon_listening.wav */,
				EB84ADDD1B2B948A00292BAF /* Info.plist */,
				EB84ADDE1B2B948A00292BAF /* main.m */,
			);
			name = "Supporting Files";
			sourceTree = "<group>";
		};
		EB84ADF81B2B948B00292BAF /* mealbotTests */ = {
			isa = PBXGroup;
			children = (
				EB84ADFB1B2B948B00292BAF /* mealbotTests.m */,
				EB84ADF91B2B948B00292BAF /* Supporting Files */,
			);
			path = mealbotTests;
			sourceTree = "<group>";
		};
		EB84ADF91B2B948B00292BAF /* Supporting Files */ = {
			isa = PBXGroup;
			children = (
				EB84ADFA1B2B948B00292BAF /* Info.plist */,
			);
			name = "Supporting Files";
			sourceTree = "<group>";
		};
/* End PBXGroup section */

/* Begin PBXNativeTarget section */
		EB84ADD81B2B948A00292BAF /* mealbot */ = {
			isa = PBXNativeTarget;
			buildConfigurationList = EB84ADFF1B2B948B00292BAF /* Build configuration list for PBXNativeTarget "mealbot" */;
			buildPhases = (
				3E4327ABE5D414354C626127 /* Check Pods Manifest.lock */,
				EB84ADD51B2B948A00292BAF /* Sources */,
				EB84ADD61B2B948A00292BAF /* Frameworks */,
				EB84ADD71B2B948A00292BAF /* Resources */,
				3C0567E8D62730FFDCDC55AD /* Embed Pods Frameworks */,
				C0E1E8083098162CDE4CE0FD /* Copy Pods Resources */,
			);
			buildRules = (
			);
			dependencies = (
			);
			name = mealbot;
			productName = mealbot;
			productReference = EB84ADD91B2B948A00292BAF /* mealbot.app */;
			productType = "com.apple.product-type.application";
		};
		EB84ADF41B2B948B00292BAF /* mealbotTests */ = {
			isa = PBXNativeTarget;
			buildConfigurationList = EB84AE021B2B948B00292BAF /* Build configuration list for PBXNativeTarget "mealbotTests" */;
			buildPhases = (
				EB84ADF11B2B948B00292BAF /* Sources */,
				EB84ADF21B2B948B00292BAF /* Frameworks */,
				EB84ADF31B2B948B00292BAF /* Resources */,
			);
			buildRules = (
			);
			dependencies = (
				EB84ADF71B2B948B00292BAF /* PBXTargetDependency */,
			);
			name = mealbotTests;
			productName = mealbotTests;
			productReference = EB84ADF51B2B948B00292BAF /* mealbotTests.xctest */;
			productType = "com.apple.product-type.bundle.unit-test";
		};
/* End PBXNativeTarget section */

/* Begin PBXProject section */
		EB84ADD11B2B948A00292BAF /* Project object */ = {
			isa = PBXProject;
			attributes = {
				LastUpgradeCheck = 0630;
				ORGANIZATIONNAME = "Mealbot inc";
				TargetAttributes = {
					EB84ADD81B2B948A00292BAF = {
						CreatedOnToolsVersion = 6.3.2;
					};
					EB84ADF41B2B948B00292BAF = {
						CreatedOnToolsVersion = 6.3.2;
						TestTargetID = EB84ADD81B2B948A00292BAF;
					};
				};
			};
			buildConfigurationList = EB84ADD41B2B948A00292BAF /* Build configuration list for PBXProject "mealbot" */;
			compatibilityVersion = "Xcode 3.2";
			developmentRegion = English;
			hasScannedForEncodings = 0;
			knownRegions = (
				en,
				Base,
			);
			mainGroup = EB84ADD01B2B948A00292BAF;
			productRefGroup = EB84ADDA1B2B948A00292BAF /* Products */;
			projectDirPath = "";
			projectRoot = "";
			targets = (
				EB84ADD81B2B948A00292BAF /* mealbot */,
				EB84ADF41B2B948B00292BAF /* mealbotTests */,
			);
		};
/* End PBXProject section */

/* Begin PBXResourcesBuildPhase section */
		EB84ADD71B2B948A00292BAF /* Resources */ = {
			isa = PBXResourcesBuildPhase;
			buildActionMask = 2147483647;
			files = (
				EB84ADEB1B2B948A00292BAF /* Main.storyboard in Resources */,
				A18E3CB31B2CFB1A0005E8AC /* MBotTableViewController.xib in Resources */,
				EB84ADF01B2B948A00292BAF /* LaunchScreen.xib in Resources */,
				A18E3CA71B2CD5E00005E8AC /* logo.png in Resources */,
				EB84AE0B1B2B9D3C00292BAF /* earcon_done_listening.wav in Resources */,
				A18E3CBF1B2FDDF40005E8AC /* RecipeCollectionViewCell.xib in Resources */,
				EB84AE0A1B2B9D3C00292BAF /* earcon_cancel.wav in Resources */,
				EB84AE0C1B2B9D3C00292BAF /* earcon_listening.wav in Resources */,
				A18E3CAE1B2CD98F0005E8AC /* RecipeTableViewCell.xib in Resources */,
				A18E3CA91B2CD7F30005E8AC /* logo_dark.png in Resources */,
				A18E3CA01B2CCA8E0005E8AC /* TestViewController.xib in Resources */,
				A18E3CA51B2CCEB20005E8AC /* EmptyViewController.xib in Resources */,
				EB84ADED1B2B948A00292BAF /* Images.xcassets in Resources */,
				A18E3CBA1B2FDAFD0005E8AC /* MBotCollectionViewController.xib in Resources */,
				A18E3CB51B2CFDA40005E8AC /* beef.jpg in Resources */,
			);
			runOnlyForDeploymentPostprocessing = 0;
		};
		EB84ADF31B2B948B00292BAF /* Resources */ = {
			isa = PBXResourcesBuildPhase;
			buildActionMask = 2147483647;
			files = (
			);
			runOnlyForDeploymentPostprocessing = 0;
		};
/* End PBXResourcesBuildPhase section */

/* Begin PBXShellScriptBuildPhase section */
		3C0567E8D62730FFDCDC55AD /* Embed Pods Frameworks */ = {
			isa = PBXShellScriptBuildPhase;
			buildActionMask = 2147483647;
			files = (
			);
			inputPaths = (
			);
			name = "Embed Pods Frameworks";
			outputPaths = (
			);
			runOnlyForDeploymentPostprocessing = 0;
			shellPath = /bin/sh;
			shellScript = "\"${SRCROOT}/Pods/Target Support Files/Pods-mealbot/Pods-mealbot-frameworks.sh\"\n";
			showEnvVarsInLog = 0;
		};
		3E4327ABE5D414354C626127 /* Check Pods Manifest.lock */ = {
			isa = PBXShellScriptBuildPhase;
			buildActionMask = 2147483647;
			files = (
			);
			inputPaths = (
			);
			name = "Check Pods Manifest.lock";
			outputPaths = (
			);
			runOnlyForDeploymentPostprocessing = 0;
			shellPath = /bin/sh;
			shellScript = "diff \"${PODS_ROOT}/../Podfile.lock\" \"${PODS_ROOT}/Manifest.lock\" > /dev/null\nif [[ $? != 0 ]] ; then\n    cat << EOM\nerror: The sandbox is not in sync with the Podfile.lock. Run 'pod install' or update your CocoaPods installation.\nEOM\n    exit 1\nfi\n";
			showEnvVarsInLog = 0;
		};
		C0E1E8083098162CDE4CE0FD /* Copy Pods Resources */ = {
			isa = PBXShellScriptBuildPhase;
			buildActionMask = 2147483647;
			files = (
			);
			inputPaths = (
			);
			name = "Copy Pods Resources";
			outputPaths = (
			);
			runOnlyForDeploymentPostprocessing = 0;
			shellPath = /bin/sh;
			shellScript = "\"${SRCROOT}/Pods/Target Support Files/Pods-mealbot/Pods-mealbot-resources.sh\"\n";
			showEnvVarsInLog = 0;
		};
/* End PBXShellScriptBuildPhase section */

/* Begin PBXSourcesBuildPhase section */
		EB84ADD51B2B948A00292BAF /* Sources */ = {
			isa = PBXSourcesBuildPhase;
			buildActionMask = 2147483647;
			files = (
				A18E3C991B2CC77E0005E8AC /* MbotBaseViewController.m in Sources */,
				EB84ADE51B2B948A00292BAF /* mealbot.xcdatamodeld in Sources */,
				A18E3CAD1B2CD98F0005E8AC /* RecipeTableViewCell.m in Sources */,
				EB84ADE21B2B948A00292BAF /* AppDelegate.m in Sources */,
				A18E3CB91B2FDAFD0005E8AC /* MBotCollectionViewController.m in Sources */,
				A18E3C961B2CC44B0005E8AC /* CAPSPageMenu.m in Sources */,
				A18E3C901B2BAA490005E8AC /* MBotAPIClient.m in Sources */,
				A18E3C9F1B2CCA8E0005E8AC /* TestViewController.m in Sources */,
				A18E3CBE1B2FDDF40005E8AC /* RecipeCollectionViewCell.m in Sources */,
				A18E3CA41B2CCEB20005E8AC /* EmptyViewController.m in Sources */,
				EB84ADDF1B2B948A00292BAF /* main.m in Sources */,
				A18E3CB21B2CFB1A0005E8AC /* MBotTableViewController.m in Sources */,
			);
			runOnlyForDeploymentPostprocessing = 0;
		};
		EB84ADF11B2B948B00292BAF /* Sources */ = {
			isa = PBXSourcesBuildPhase;
			buildActionMask = 2147483647;
			files = (
				EB84ADFC1B2B948B00292BAF /* mealbotTests.m in Sources */,
			);
			runOnlyForDeploymentPostprocessing = 0;
		};
/* End PBXSourcesBuildPhase section */

/* Begin PBXTargetDependency section */
		EB84ADF71B2B948B00292BAF /* PBXTargetDependency */ = {
			isa = PBXTargetDependency;
			target = EB84ADD81B2B948A00292BAF /* mealbot */;
			targetProxy = EB84ADF61B2B948B00292BAF /* PBXContainerItemProxy */;
		};
/* End PBXTargetDependency section */

/* Begin PBXVariantGroup section */
		EB84ADE91B2B948A00292BAF /* Main.storyboard */ = {
			isa = PBXVariantGroup;
			children = (
				EB84ADEA1B2B948A00292BAF /* Base */,
			);
			name = Main.storyboard;
			sourceTree = "<group>";
		};
		EB84ADEE1B2B948A00292BAF /* LaunchScreen.xib */ = {
			isa = PBXVariantGroup;
			children = (
				EB84ADEF1B2B948A00292BAF /* Base */,
			);
			name = LaunchScreen.xib;
			sourceTree = "<group>";
		};
/* End PBXVariantGroup section */

/* Begin XCBuildConfiguration section */
		EB84ADFD1B2B948B00292BAF /* Debug */ = {
			isa = XCBuildConfiguration;
			buildSettings = {
				ALWAYS_SEARCH_USER_PATHS = NO;
				CLANG_CXX_LANGUAGE_STANDARD = "gnu++0x";
				CLANG_CXX_LIBRARY = "libc++";
				CLANG_ENABLE_MODULES = YES;
				CLANG_ENABLE_OBJC_ARC = YES;
				CLANG_WARN_BOOL_CONVERSION = YES;
				CLANG_WARN_CONSTANT_CONVERSION = YES;
				CLANG_WARN_DIRECT_OBJC_ISA_USAGE = YES_ERROR;
				CLANG_WARN_EMPTY_BODY = YES;
				CLANG_WARN_ENUM_CONVERSION = YES;
				CLANG_WARN_INT_CONVERSION = YES;
				CLANG_WARN_OBJC_ROOT_CLASS = YES_ERROR;
				CLANG_WARN_UNREACHABLE_CODE = YES;
				CLANG_WARN__DUPLICATE_METHOD_MATCH = YES;
				"CODE_SIGN_IDENTITY[sdk=iphoneos*]" = "iPhone Developer";
				COPY_PHASE_STRIP = NO;
				DEBUG_INFORMATION_FORMAT = "dwarf-with-dsym";
				ENABLE_STRICT_OBJC_MSGSEND = YES;
				GCC_C_LANGUAGE_STANDARD = gnu99;
				GCC_DYNAMIC_NO_PIC = NO;
				GCC_NO_COMMON_BLOCKS = YES;
				GCC_OPTIMIZATION_LEVEL = 0;
				GCC_PREPROCESSOR_DEFINITIONS = (
					"DEBUG=1",
					"$(inherited)",
				);
				GCC_SYMBOLS_PRIVATE_EXTERN = NO;
				GCC_WARN_64_TO_32_BIT_CONVERSION = YES;
				GCC_WARN_ABOUT_RETURN_TYPE = YES_ERROR;
				GCC_WARN_UNDECLARED_SELECTOR = YES;
				GCC_WARN_UNINITIALIZED_AUTOS = YES_AGGRESSIVE;
				GCC_WARN_UNUSED_FUNCTION = YES;
				GCC_WARN_UNUSED_VARIABLE = YES;
				IPHONEOS_DEPLOYMENT_TARGET = 8.3;
				MTL_ENABLE_DEBUG_INFO = YES;
				ONLY_ACTIVE_ARCH = YES;
				SDKROOT = iphoneos;
			};
			name = Debug;
		};
		EB84ADFE1B2B948B00292BAF /* Release */ = {
			isa = XCBuildConfiguration;
			buildSettings = {
				ALWAYS_SEARCH_USER_PATHS = NO;
				CLANG_CXX_LANGUAGE_STANDARD = "gnu++0x";
				CLANG_CXX_LIBRARY = "libc++";
				CLANG_ENABLE_MODULES = YES;
				CLANG_ENABLE_OBJC_ARC = YES;
				CLANG_WARN_BOOL_CONVERSION = YES;
				CLANG_WARN_CONSTANT_CONVERSION = YES;
				CLANG_WARN_DIRECT_OBJC_ISA_USAGE = YES_ERROR;
				CLANG_WARN_EMPTY_BODY = YES;
				CLANG_WARN_ENUM_CONVERSION = YES;
				CLANG_WARN_INT_CONVERSION = YES;
				CLANG_WARN_OBJC_ROOT_CLASS = YES_ERROR;
				CLANG_WARN_UNREACHABLE_CODE = YES;
				CLANG_WARN__DUPLICATE_METHOD_MATCH = YES;
				"CODE_SIGN_IDENTITY[sdk=iphoneos*]" = "iPhone Developer";
				COPY_PHASE_STRIP = NO;
				DEBUG_INFORMATION_FORMAT = "dwarf-with-dsym";
				ENABLE_NS_ASSERTIONS = NO;
				ENABLE_STRICT_OBJC_MSGSEND = YES;
				GCC_C_LANGUAGE_STANDARD = gnu99;
				GCC_NO_COMMON_BLOCKS = YES;
				GCC_WARN_64_TO_32_BIT_CONVERSION = YES;
				GCC_WARN_ABOUT_RETURN_TYPE = YES_ERROR;
				GCC_WARN_UNDECLARED_SELECTOR = YES;
				GCC_WARN_UNINITIALIZED_AUTOS = YES_AGGRESSIVE;
				GCC_WARN_UNUSED_FUNCTION = YES;
				GCC_WARN_UNUSED_VARIABLE = YES;
				IPHONEOS_DEPLOYMENT_TARGET = 8.3;
				MTL_ENABLE_DEBUG_INFO = NO;
				SDKROOT = iphoneos;
				VALIDATE_PRODUCT = YES;
			};
			name = Release;
		};
		EB84AE001B2B948B00292BAF /* Debug */ = {
			isa = XCBuildConfiguration;
			baseConfigurationReference = 83B6E25061D6961142450548 /* Pods-mealbot.debug.xcconfig */;
			buildSettings = {
				ASSETCATALOG_COMPILER_APPICON_NAME = AppIcon;
				FRAMEWORK_SEARCH_PATHS = (
					"$(inherited)",
					/Users/calvincheng/Downloads/DragonMobileSDK_1.4.14,
					"$(PROJECT_DIR)",
				);
				INFOPLIST_FILE = mealbot/Info.plist;
				IPHONEOS_DEPLOYMENT_TARGET = 8.0;
				LD_RUNPATH_SEARCH_PATHS = "$(inherited) @executable_path/Frameworks";
				PRODUCT_NAME = "$(TARGET_NAME)";
			};
			name = Debug;
		};
		EB84AE011B2B948B00292BAF /* Release */ = {
			isa = XCBuildConfiguration;
			baseConfigurationReference = 926F74E78BD20838D2057508 /* Pods-mealbot.release.xcconfig */;
			buildSettings = {
				ASSETCATALOG_COMPILER_APPICON_NAME = AppIcon;
				FRAMEWORK_SEARCH_PATHS = (
					"$(inherited)",
					/Users/calvincheng/Downloads/DragonMobileSDK_1.4.14,
					"$(PROJECT_DIR)",
				);
				INFOPLIST_FILE = mealbot/Info.plist;
				IPHONEOS_DEPLOYMENT_TARGET = 8.0;
				LD_RUNPATH_SEARCH_PATHS = "$(inherited) @executable_path/Frameworks";
				PRODUCT_NAME = "$(TARGET_NAME)";
			};
			name = Release;
		};
		EB84AE031B2B948B00292BAF /* Debug */ = {
			isa = XCBuildConfiguration;
			buildSettings = {
				FRAMEWORK_SEARCH_PATHS = (
					"$(SDKROOT)/Developer/Library/Frameworks",
					"$(inherited)",
				);
				GCC_PREPROCESSOR_DEFINITIONS = (
					"DEBUG=1",
					"$(inherited)",
				);
				INFOPLIST_FILE = mealbotTests/Info.plist;
				LD_RUNPATH_SEARCH_PATHS = "$(inherited) @executable_path/Frameworks @loader_path/Frameworks";
				PRODUCT_NAME = "$(TARGET_NAME)";
				TEST_HOST = "$(BUILT_PRODUCTS_DIR)/mealbot.app/mealbot";
			};
			name = Debug;
		};
		EB84AE041B2B948B00292BAF /* Release */ = {
			isa = XCBuildConfiguration;
			buildSettings = {
				FRAMEWORK_SEARCH_PATHS = (
					"$(SDKROOT)/Developer/Library/Frameworks",
					"$(inherited)",
				);
				INFOPLIST_FILE = mealbotTests/Info.plist;
				LD_RUNPATH_SEARCH_PATHS = "$(inherited) @executable_path/Frameworks @loader_path/Frameworks";
				PRODUCT_NAME = "$(TARGET_NAME)";
				TEST_HOST = "$(BUILT_PRODUCTS_DIR)/mealbot.app/mealbot";
			};
			name = Release;
		};
/* End XCBuildConfiguration section */

/* Begin XCConfigurationList section */
		EB84ADD41B2B948A00292BAF /* Build configuration list for PBXProject "mealbot" */ = {
			isa = XCConfigurationList;
			buildConfigurations = (
				EB84ADFD1B2B948B00292BAF /* Debug */,
				EB84ADFE1B2B948B00292BAF /* Release */,
			);
			defaultConfigurationIsVisible = 0;
			defaultConfigurationName = Release;
		};
		EB84ADFF1B2B948B00292BAF /* Build configuration list for PBXNativeTarget "mealbot" */ = {
			isa = XCConfigurationList;
			buildConfigurations = (
				EB84AE001B2B948B00292BAF /* Debug */,
				EB84AE011B2B948B00292BAF /* Release */,
			);
			defaultConfigurationIsVisible = 0;
			defaultConfigurationName = Release;
		};
		EB84AE021B2B948B00292BAF /* Build configuration list for PBXNativeTarget "mealbotTests" */ = {
			isa = XCConfigurationList;
			buildConfigurations = (
				EB84AE031B2B948B00292BAF /* Debug */,
				EB84AE041B2B948B00292BAF /* Release */,
			);
			defaultConfigurationIsVisible = 0;
			defaultConfigurationName = Release;
		};
/* End XCConfigurationList section */

/* Begin XCVersionGroup section */
		EB84ADE31B2B948A00292BAF /* mealbot.xcdatamodeld */ = {
			isa = XCVersionGroup;
			children = (
				EB84ADE41B2B948A00292BAF /* mealbot.xcdatamodel */,
			);
			currentVersion = EB84ADE41B2B948A00292BAF /* mealbot.xcdatamodel */;
			path = mealbot.xcdatamodeld;
			sourceTree = "<group>";
			versionGroupType = wrapper.xcdatamodel;
		};
/* End XCVersionGroup section */
	};
	rootObject = EB84ADD11B2B948A00292BAF /* Project object */;
}
